{
  "projects": [
    {
      "projectId": "sqPBLwEBBKHA2WDuGb17eV",
      "version": "2.1.0",
      "dependencies": {},
      "lang": "js",
      "fileLocks": [
        {
          "assetId": "sqPBLwEBBKHA2WDuGb17eV",
          "type": "projectCss",
          "checksum": "e1ec850476829c38b0f9b6d4f7ac446a"
        },
        {
          "type": "renderModule",
          "assetId": "5nirPCGmCnRD",
          "checksum": "fd3c1fb813e8dbcf8e71b8e58c2f542a"
        },
        {
          "type": "cssRules",
          "assetId": "5nirPCGmCnRD",
          "checksum": "fd3c1fb813e8dbcf8e71b8e58c2f542a"
        },
        {
          "type": "icon",
          "assetId": "Wyt3GMMsLefj",
          "checksum": "d2b1886763aa016780501d0c22f50b5e"
        },
        {
          "type": "icon",
          "assetId": "MbDRsJU0e3bw",
          "checksum": "92672aa6935120ebaac11939d8d127bb"
        }
      ],
      "codegenVersion": "0.0.1"
    },
    {
      "projectId": "ohDidvG9XsCeFumugENU3J",
      "version": "6.26.0",
      "dependencies": {},
      "lang": "js",
      "fileLocks": [
        {
          "assetId": "ohDidvG9XsCeFumugENU3J",
          "type": "projectCss",
          "checksum": "fd83b730367fdbde2c69bc6cf31c2a3c"
        },
        {
          "assetId": "ohDidvG9XsCeFumugENU3J",
          "checksum": "de0a0e65174a6a185a8f822af51c6bdd",
          "type": "globalContexts"
        }
      ],
      "codegenVersion": "0.0.1"
    },
    {
      "projectId": "84wxoth5npGrp6RRXPL88z",
      "version": "4.28.0",
      "dependencies": {},
      "lang": "js",
      "fileLocks": [
        {
          "assetId": "84wxoth5npGrp6RRXPL88z",
          "type": "projectCss",
          "checksum": "d951314833b1846f4b7c384128792976"
        },
        {
          "assetId": "84wxoth5npGrp6RRXPL88z",
          "checksum": "14e34fc8ee04382a88f671116234a1e3",
          "type": "globalContexts"
        }
      ],
      "codegenVersion": "0.0.1"
    },
    {
      "projectId": "7nJ7UcFmq9UzB6eXfC5z4a",
      "version": "0.29.0",
      "dependencies": {},
      "lang": "js",
      "fileLocks": [
        {
          "assetId": "7nJ7UcFmq9UzB6eXfC5z4a",
          "type": "projectCss",
          "checksum": "05587b57f22f0ec8bb54543deb39762e"
        }
      ],
      "codegenVersion": "0.0.1"
    },
    {
      "projectId": "seaQhLVS4bbjiGvJJrRwyL",
      "version": "15.0.3",
      "dependencies": {},
      "lang": "js",
      "fileLocks": [
        {
          "assetId": "seaQhLVS4bbjiGvJJrRwyL",
          "type": "projectCss",
          "checksum": "8b140f54acb9f4aedf0b769d566851ea"
        }
      ],
      "codegenVersion": "0.0.1"
    },
    {
      "projectId": "bWHFFGzvmXLfYr1WgyzKPi",
      "version": "latest",
      "dependencies": {
        "seaQhLVS4bbjiGvJJrRwyL": "15.0.3",
        "7nJ7UcFmq9UzB6eXfC5z4a": "0.29.0",
        "84wxoth5npGrp6RRXPL88z": "4.28.0",
        "ohDidvG9XsCeFumugENU3J": "6.26.0",
        "sqPBLwEBBKHA2WDuGb17eV": "2.1.0"
      },
      "lang": "js",
      "fileLocks": [
        {
          "type": "globalVariant",
          "assetId": "EjsPqseMOn6r",
          "checksum": "4338f5edeeeefbe07a017ea425edbdab"
        },
        {
          "assetId": "bWHFFGzvmXLfYr1WgyzKPi",
          "type": "projectCss",
          "checksum": "f26ae06935c25db9dedb12216032f626"
        },
        {
          "assetId": "bWHFFGzvmXLfYr1WgyzKPi",
          "checksum": "0e8b55a289f8b601767341fdfc1e9643",
          "type": "globalContexts"
        },
        {
          "type": "renderModule",
          "assetId": "WHYlEpdhrnG1",
          "checksum": "6c5f0380c9e61865b7e46d593d4e0268"
        },
        {
          "type": "cssRules",
          "assetId": "WHYlEpdhrnG1",
          "checksum": "6c5f0380c9e61865b7e46d593d4e0268"
        },
        {
          "type": "renderModule",
          "assetId": "UHctnP5cmrbj",
          "checksum": "9f6f28f3e4a4c2468e3284a77f9e8ada"
        },
        {
          "type": "cssRules",
          "assetId": "UHctnP5cmrbj",
          "checksum": "9f6f28f3e4a4c2468e3284a77f9e8ada"
        },
        {
          "type": "renderModule",
          "assetId": "BJgIPFYmTugZ",
          "checksum": "b23d9c8033ea8a8da0dde1c8743a2a7f"
        },
        {
          "type": "cssRules",
          "assetId": "BJgIPFYmTugZ",
          "checksum": "b23d9c8033ea8a8da0dde1c8743a2a7f"
        },
        {
          "type": "renderModule",
          "assetId": "pSFku8PDVJk5",
          "checksum": "25e582520ff5c42c38033f9f0280db51"
        },
        {
          "type": "cssRules",
          "assetId": "pSFku8PDVJk5",
          "checksum": "25e582520ff5c42c38033f9f0280db51"
        },
        {
          "type": "renderModule",
          "assetId": "w7k8SwXwygZe",
          "checksum": "73cc32d7d3742b1497c23a957337e777"
        },
        {
          "type": "cssRules",
          "assetId": "w7k8SwXwygZe",
          "checksum": "73cc32d7d3742b1497c23a957337e777"
        },
        {
          "type": "renderModule",
          "assetId": "zzK0XLg98PZd",
          "checksum": "63a771c2b5647076790d409e41050bcb"
        },
        {
          "type": "cssRules",
          "assetId": "zzK0XLg98PZd",
          "checksum": "63a771c2b5647076790d409e41050bcb"
        },
        {
          "type": "renderModule",
          "assetId": "kxM55X0plcTw",
          "checksum": "bfd6d87959b0b12b7e82a3560bd095e4"
        },
        {
          "type": "cssRules",
          "assetId": "kxM55X0plcTw",
          "checksum": "bfd6d87959b0b12b7e82a3560bd095e4"
        },
        {
          "type": "renderModule",
          "assetId": "paHhDY7nzBhn",
          "checksum": "6d694075e58acafa4b0897914e30fdd8"
        },
        {
          "type": "cssRules",
          "assetId": "paHhDY7nzBhn",
          "checksum": "6d694075e58acafa4b0897914e30fdd8"
        },
        {
          "type": "renderModule",
          "assetId": "Y-_JNlxjKTkr",
          "checksum": "016ad6bc466ee0492afb24d0d52290e4"
        },
        {
          "type": "cssRules",
          "assetId": "Y-_JNlxjKTkr",
          "checksum": "016ad6bc466ee0492afb24d0d52290e4"
        },
        {
          "type": "renderModule",
          "assetId": "czJ_xFYSAiph",
          "checksum": "a5bc5159dd030c6edbefdfaea0d48f63"
        },
        {
          "type": "cssRules",
          "assetId": "czJ_xFYSAiph",
          "checksum": "a5bc5159dd030c6edbefdfaea0d48f63"
        },
        {
          "type": "renderModule",
          "assetId": "FNRjNEPGBU62",
          "checksum": "7bd20c1408a8e2e56f0a57732c973dab"
        },
        {
          "type": "cssRules",
          "assetId": "FNRjNEPGBU62",
          "checksum": "7bd20c1408a8e2e56f0a57732c973dab"
        },
        {
          "type": "renderModule",
          "assetId": "QNq2mEWG3oe5",
          "checksum": "77ba439255e2b3fd425205aef7949146"
        },
        {
          "type": "cssRules",
          "assetId": "QNq2mEWG3oe5",
          "checksum": "77ba439255e2b3fd425205aef7949146"
        },
        {
          "type": "renderModule",
          "assetId": "-1y2ML1Umzxu",
          "checksum": "09cc2e6698ec13d650023379a1365c9c"
        },
        {
          "type": "cssRules",
          "assetId": "-1y2ML1Umzxu",
          "checksum": "09cc2e6698ec13d650023379a1365c9c"
        },
        {
          "type": "renderModule",
          "assetId": "1nsJYG1FSf78",
          "checksum": "aab8da3c297b500e840cd1a4f88d436a"
        },
        {
          "type": "cssRules",
          "assetId": "1nsJYG1FSf78",
          "checksum": "aab8da3c297b500e840cd1a4f88d436a"
        },
        {
          "type": "renderModule",
          "assetId": "zinLBlWnyq7c",
          "checksum": "6dc11bba4da94841fc1bb78140ae1ce7"
        },
        {
          "type": "cssRules",
          "assetId": "zinLBlWnyq7c",
          "checksum": "6dc11bba4da94841fc1bb78140ae1ce7"
        },
        {
          "type": "icon",
          "assetId": "fCpU9eRLOzE6",
          "checksum": "2bb2cba5341537c728d192454a48c730"
        },
        {
          "type": "icon",
          "assetId": "zCqYggg5eB4A",
          "checksum": "6b9e07b079e76ac21e1578f598753508"
        },
        {
          "type": "icon",
          "assetId": "Oi5zFekQJ9o0",
          "checksum": "c0c8bd8a1ce305ac6ee6bc97561d71ce"
        },
        {
          "type": "icon",
          "assetId": "bzn8cHhxYBrc",
          "checksum": "e2b654e8363a9493c888628f32cce64a"
        },
        {
          "type": "icon",
          "assetId": "miksnIPtZ9aP",
          "checksum": "d03892e3e19f250c591338cdc602055d"
        },
        {
          "type": "icon",
          "assetId": "atlwTC64bXmc",
          "checksum": "b1839c4c6ab48791576d555ff6ef052a"
        },
        {
          "type": "icon",
          "assetId": "PmCgtuFw-Gjw",
          "checksum": "d37d82045266bd53a8ca578ad905d8d6"
        },
        {
          "type": "icon",
          "assetId": "h7xgcq6EZAOU",
          "checksum": "810044f92c137c8bf43fa05072597c20"
        },
        {
          "type": "icon",
          "assetId": "L9OCRW0MX4dA",
          "checksum": "27341474e1fbe39aea0070b150f642b8"
        },
        {
          "type": "icon",
          "assetId": "qhhIFJUZoLyG",
          "checksum": "35cfa91cc407c552e4997e70d65031d8"
        },
        {
          "type": "icon",
          "assetId": "mtNcrTtfLPLs",
          "checksum": "8f4d2050ecd555c59c94a25e2b36332c"
        },
        {
          "type": "icon",
          "assetId": "8juQjY5vFlkt",
          "checksum": "e70e41a1a18761dfdf20aef778331447"
        },
        {
          "type": "icon",
          "assetId": "K5WTG_U4j1H2",
          "checksum": "354d5533789f0bb1f89cb3a1b9fb4bf2"
        },
        {
          "type": "icon",
          "assetId": "P47JwMBAislZ",
          "checksum": "fdd5e98c7ed0b2ebba691c25c12646e5"
        },
        {
          "type": "icon",
          "assetId": "Wc0jCeTAnpVf",
          "checksum": "cb048b12b5e58eb1f8eac7f623f5ab8c"
        },
        {
          "type": "icon",
          "assetId": "NCQq6GOpSuvq",
          "checksum": "b5373c0c3e9fd124108dd3d60e2faf01"
        },
        {
          "type": "icon",
          "assetId": "yDLCB08KWH9R",
          "checksum": "915d6926340ea8540490974f49e70be5"
        },
        {
          "type": "icon",
          "assetId": "_91SglMrigB0",
          "checksum": "c94a40e7962477addfe38ed5dfb1b51e"
        },
        {
          "type": "icon",
          "assetId": "eslK0K9vDBbX",
          "checksum": "81f7b83410ffec39742554f902a605ba"
        },
        {
          "type": "icon",
          "assetId": "rLrSFw3N09Kw",
          "checksum": "9c290c6787ff2c7651d887a0456fbaf0"
        },
        {
          "type": "icon",
          "assetId": "YQd5ac1UZTYp",
          "checksum": "1f332e7e0ef448c6f1a0148a9584d7e0"
        },
        {
          "type": "icon",
          "assetId": "q_DOpnBrE4dr",
          "checksum": "d2d961a60693d6d64a47821398f8a327"
        },
        {
          "type": "icon",
          "assetId": "YIsF2394RoJ8",
          "checksum": "58d6627b8bcbdb9d0f323d36e0fbce10"
        },
        {
          "type": "icon",
          "assetId": "QVpdNzcnXQk9",
          "checksum": "0781cafc599310b49a7f41f58a748109"
        },
        {
          "type": "icon",
          "assetId": "QmMthXiqMNhx",
          "checksum": "81bcef2e8a05a08a31a0952fb67d72b2"
        },
        {
          "type": "icon",
          "assetId": "fZtq1adXwCkr",
          "checksum": "f94bd76c376daff484538e947847ec87"
        },
        {
          "type": "icon",
          "assetId": "DoLbR_5E3EUJ",
          "checksum": "cae0ff5032c5c1a4583fd7947826529e"
        },
        {
          "type": "icon",
          "assetId": "EVyD8Grff9SI",
          "checksum": "4683d0f4a587855a3a90c15fff1f642d"
        },
        {
          "type": "icon",
          "assetId": "ZKrC6yF9bqLH",
          "checksum": "dfdf1d558577d9e5ad2b4d9109c907f3"
        },
        {
          "type": "icon",
          "assetId": "GeKQvtIl3cXX",
          "checksum": "368fef8e0620552fb4b43a05a38c1682"
        },
        {
          "type": "icon",
          "assetId": "YVrDw6gTKbiH",
          "checksum": "d388c0f96872ff2584f3422ca661b182"
        },
        {
          "type": "icon",
          "assetId": "ATGQqGi7lkwd",
          "checksum": "6e24b75b6d7db64d07e02baa08429479"
        },
        {
          "type": "icon",
          "assetId": "hNMdr6XRaLq5",
          "checksum": "546689f9db130528bd621f41946213e0"
        },
        {
          "type": "icon",
          "assetId": "bRFBfvw10uJX",
          "checksum": "fae7962fbc035b9c8b295eb25ea6a9d2"
        },
        {
          "type": "icon",
          "assetId": "jh8JB6cVEVx9",
          "checksum": "1edf256dd053d174deed78021f7e11c9"
        },
        {
          "type": "icon",
          "assetId": "yLUXlrvbsZoG",
          "checksum": "acac8915ce3f3b1607d8fa0e65edfa00"
        },
        {
          "type": "icon",
          "assetId": "gI4BGKbWorHa",
          "checksum": "43b7a26c0080ea26ca5ba5b6ccbea88f"
        },
        {
          "type": "icon",
          "assetId": "HL7-S_wJ6XKa",
          "checksum": "9ed156d1571a47f900734275157add59"
        },
        {
          "type": "icon",
          "assetId": "we1OhbWb0rjR",
          "checksum": "c59352d98dd428e1f9dfb052750e080b"
        },
        {
          "type": "icon",
          "assetId": "qBE-9ZVs4cGw",
          "checksum": "20dad9d6c766d87310e5f2ba65207f88"
        },
        {
          "type": "icon",
          "assetId": "dL42h3bLaL0H",
          "checksum": "7723fa611ddf8bf597f319cffd7d4ee3"
        },
        {
          "type": "icon",
          "assetId": "fqQ65QTeXy9p",
          "checksum": "e395c2424eed891889bc11405c6aebcc"
        },
        {
          "type": "icon",
          "assetId": "vNr_0fp69FPw",
          "checksum": "b891dbb4f3cfabc4031995737127930f"
        },
        {
          "type": "icon",
          "assetId": "srxNszQCjbH1",
          "checksum": "a19e827752548a63693f40cdd2c3968b"
        },
        {
          "type": "icon",
          "assetId": "wglLXgcC4mK1",
          "checksum": "9e7ae42b88097df5b46a76d12ffc91fa"
        },
        {
          "type": "icon",
          "assetId": "0m1TGY1kcvT1",
          "checksum": "4b9ad6fbafb8574ede2ceebdc87ae49a"
        },
        {
          "type": "icon",
          "assetId": "6LBR29fOKXi6",
          "checksum": "218cae89b3ea6d7dcbc07487a56fae9c"
        },
        {
          "type": "icon",
          "assetId": "4JlSHT9E_xfh",
          "checksum": "292cbb10266750bc760d57ecf9407a7c"
        },
        {
          "type": "icon",
          "assetId": "_LgjlRI9kbEW",
          "checksum": "1723b9386bb27139c6d5def00a3f571b"
        },
        {
          "type": "icon",
          "assetId": "5aRz2mYOOcY0",
          "checksum": "5c1c1d330f24c52aaa627b4c66c14b68"
        },
        {
          "type": "icon",
          "assetId": "8vwxQRTadRqX",
          "checksum": "8537976f0f64f5585ff943abd0b6ecf4"
        },
        {
          "type": "icon",
          "assetId": "9YzO_Nkib7N_",
          "checksum": "4944c273fc9c44bc31bc0837aac93d19"
        },
        {
          "type": "icon",
          "assetId": "zhVcRtwWAE6y",
          "checksum": "6611750f199bd4a4891b9c0e2f7dcabc"
        },
        {
          "type": "icon",
          "assetId": "gBUEcYbB9smH",
          "checksum": "c90afbfdd036911bf976232af1f4b2e9"
        },
        {
          "type": "icon",
          "assetId": "1vkrtVJpVyw_",
          "checksum": "d7a1930c544f2c9b3eecf072899bafdd"
        },
        {
          "type": "icon",
          "assetId": "sGPLQX4zSxNp",
          "checksum": "494958b7639aa221fd35583361e709fe"
        },
        {
          "type": "icon",
          "assetId": "Bb1t4bIKz3h8",
          "checksum": "242aa7f9e4cc1bf87900151ff4bb3cdf"
        },
        {
          "type": "icon",
          "assetId": "IhdEM6_8vPCW",
          "checksum": "84aa54487ec076e057eeb941e72883ba"
        },
        {
          "type": "icon",
          "assetId": "ZrOfyKZAQQsg",
          "checksum": "e74662cd32e336de7a15207596ad4655"
        },
        {
          "type": "icon",
          "assetId": "qhP130KMjlRV",
          "checksum": "3b7ec42bb95d91a77e2266f92fb396f0"
        },
        {
          "type": "icon",
          "assetId": "WsSQlShxK_dS",
          "checksum": "00ef8dfffd31597ba86c5c43d81ce382"
        },
        {
          "type": "icon",
          "assetId": "fy2zWQnvUWKC",
          "checksum": "1388959305d1de6633872c7f5c1a45a2"
        },
        {
          "type": "icon",
          "assetId": "_8HyyW3sb8gh",
          "checksum": "d1d2a6cddfb13278399bbea3dbb25a10"
        },
        {
          "type": "icon",
          "assetId": "oXxcYLnd6x5l",
          "checksum": "dda4a6f35ec341345dda101e67ad3721"
        },
        {
          "type": "icon",
          "assetId": "7vj4i4aQfVPZ",
          "checksum": "c7cf9c45c06da2b49e75d79349f201ed"
        },
        {
          "type": "icon",
          "assetId": "e0xYgmhhHc-d",
          "checksum": "de6af632482130ae377520537d6d392d"
        },
        {
          "type": "image",
          "assetId": "7-OXsDLRQRp9",
          "checksum": "37ba86b28fdb17c7dd9871e3ec1a44d1"
        },
        {
          "type": "image",
          "assetId": "B0fA9oJGJfZs",
          "checksum": "b5e3b915100dbbacd6757f7da4eb7e03"
        },
        {
          "type": "image",
          "assetId": "nmPc5zHRTUKV",
          "checksum": "bb561f4d548fce1b3b3c4240e82b2494"
        },
        {
          "type": "image",
          "assetId": "r5dWbRwZ3Ig0",
          "checksum": "2a021a352f874c569073dbc156bee923"
        },
        {
          "type": "image",
          "assetId": "gR_maQRSKeln",
          "checksum": "1cded5f0a6f0319f82af54c00a0b080a"
        },
        {
          "type": "image",
          "assetId": "Gtnf6OpT-Pn0",
          "checksum": "df96fd93aecb9f4cf784616521803cac"
        },
        {
          "type": "image",
          "assetId": "secO1ZMm0rs6",
          "checksum": "a64ff0de1dadc8fa639351d93feff084"
        },
        {
          "type": "image",
          "assetId": "W-vC7Dz5dctu",
          "checksum": "4c92e45591be95afcf94654a93df37f3"
        },
        {
          "type": "image",
          "assetId": "FI-DQdix9fK5",
          "checksum": "8596d702eadfd3f8a6c353b85b74a22a"
        },
        {
          "type": "image",
          "assetId": "2LgkLg8w8HKN",
          "checksum": "a186df388d3a55d0b5858377751898f2"
        },
        {
          "type": "image",
          "assetId": "pS-ZtT9olBFM",
          "checksum": "140a2ab0e196c4e53575b916043ef228"
        },
        {
          "type": "image",
          "assetId": "5ikiy8CDFRUn",
          "checksum": "c4e80c2397f178b565ec5826f044ffe8"
        },
        {
          "type": "image",
          "assetId": "GpgcHGLxCwAf",
          "checksum": "c47ed386c2b5db97ce7289d1113236b1"
        },
        {
          "type": "image",
          "assetId": "lulS6LoJMe0l",
          "checksum": "46fba307fcab138c622f6f38657ddf78"
        },
        {
          "type": "image",
          "assetId": "DGjWXCd2fi2P",
          "checksum": "4e9506010a2a59f89b613e4e6ba371bd"
        },
        {
          "type": "image",
          "assetId": "T37nxxff3leJ",
          "checksum": "3f7a47c072b8346cb7b98fa969f667fe"
        },
        {
          "type": "image",
          "assetId": "qVUaDCqc2_yU",
          "checksum": "53885def026f06325621229b54d1799f"
        },
        {
          "type": "image",
          "assetId": "ngGKljhmvjNy",
          "checksum": "d8ce0cc76f026e1352441cf7f6f0c418"
        },
        {
          "type": "image",
          "assetId": "4XCsHm7tOKYC",
          "checksum": "903d59b7f4e713a521a6e0466ed8d23b"
        },
        {
          "type": "image",
          "assetId": "lOUavWQk1ybd",
          "checksum": "dd2f74d5982b95796b067170c7a45427"
        },
        {
          "type": "image",
          "assetId": "J_f8wcJ3AUoe",
          "checksum": "df35541d83906b647b160cbca855f581"
        },
        {
          "type": "image",
          "assetId": "m6gH106foUqD",
          "checksum": "b513ac6263ecb476f5ffeca036499f63"
        },
        {
          "type": "image",
          "assetId": "YsDPaiQsCSTH",
          "checksum": "2e95622e217828de3d694370bc4ba83d"
        },
        {
          "type": "image",
          "assetId": "iyfhzbjNBAuY",
          "checksum": "793e69ddebae0902c235895176926a78"
        },
        {
          "type": "image",
          "assetId": "81zuYiDqeOLH",
          "checksum": "61e542402333efc7388ab9be6b200aae"
        },
        {
          "type": "image",
          "assetId": "LvzOzKFMUhvB",
          "checksum": "a092eb574a7888a99dccbca7450f4dde"
        },
        {
          "type": "image",
          "assetId": "RZMl80iXye_X",
          "checksum": "9b861a5abb0ad1137968d2775b06f84a"
        },
        {
          "type": "image",
          "assetId": "EQt1nuJlLscx",
          "checksum": "d73a4ad341b495e5bb68220ce432f811"
        },
        {
          "type": "image",
          "assetId": "UoTD5dK51Usg",
          "checksum": "cb714b14bcd4a1562db594daf46ea5d7"
        },
        {
          "type": "image",
          "assetId": "slsqBzoaslEN",
          "checksum": "2f7ae7b270aee5b293122cc4f4efa686"
        },
        {
          "type": "image",
          "assetId": "Ttnewm-zAJLT",
          "checksum": "cf8ede16b3a41144de1258988af06426"
        },
        {
          "type": "image",
          "assetId": "1wriNlerVHwY",
          "checksum": "3a3a77ea3c2e15e4b1cfeb2fcff7d8be"
        },
        {
          "type": "image",
          "assetId": "xkS-auNlpJjC",
          "checksum": "c2e4a574234f7d03de2ab521b51468a6"
        },
        {
          "type": "image",
          "assetId": "8rvMwRK1TYg8",
          "checksum": "996321e603b27e3fdb8d00d13db1db1f"
        },
        {
          "type": "image",
          "assetId": "vD3eY3HhVOi0",
          "checksum": "573c112751d3498af71b7d87653fe23e"
        },
        {
          "type": "image",
          "assetId": "T2VnredfIARV",
          "checksum": "878c7c554c6083040d79bb746990009f"
        },
        {
          "type": "image",
          "assetId": "f6BpUsNYcrYz",
          "checksum": "1621ec27458ecae140cb69d8d0294312"
        },
        {
          "type": "image",
          "assetId": "Sni25dRo8DVS",
          "checksum": "bb5ce05bfbdb4c9e0237d66533b66604"
        },
        {
          "type": "image",
          "assetId": "1MJCFUoUpRp9",
          "checksum": "e6f0a5a27667283152995fcf214133ad"
        },
        {
          "type": "image",
          "assetId": "EpZnenFKvT1d",
          "checksum": "0974c57873bba0b58ddfe157b3d9b006"
        },
        {
          "type": "image",
          "assetId": "F28hdMmpb6Yo",
          "checksum": "eb8ad4215d50eb8487608c1316bda065"
        },
        {
          "type": "image",
          "assetId": "5UuKrxBz1xcl",
          "checksum": "2af0c6b3006f5839a66cdc228f0d47d4"
        },
        {
          "type": "image",
          "assetId": "A4dCdRIyzY1T",
          "checksum": "43b048b8aff2b2ee2cc74847573cf431"
        },
        {
          "type": "image",
          "assetId": "UDTORNo8Rx-F",
          "checksum": "27593ccd6fb20aecb66087e1e58f88ba"
        },
        {
          "type": "image",
          "assetId": "IXDmHuE6n2V_",
          "checksum": "1286aa10f7d2044bcbfb1b3e7ad50af7"
        },
        {
          "type": "image",
          "assetId": "NRR3tbPFQ65d",
          "checksum": "4ac361e12abd4ae44ce07b204e0a9ac7"
        },
        {
          "type": "image",
          "assetId": "vl-H3h6k2P-v",
          "checksum": "1d90cc6f3c992648748964bf9d487a64"
        },
        {
          "type": "image",
          "assetId": "wj_owSGD27ev",
          "checksum": "a2570b819dc214acad35ab3f9ff8ac9f"
        },
        {
          "type": "image",
          "assetId": "6ANCKca7411r",
          "checksum": "26a9b081c355f7e43139e55f547a05e0"
        },
        {
          "type": "image",
          "assetId": "ojJxGRpaZWEW",
          "checksum": "18a16b343906abc2e9493f24c79907c3"
        },
        {
          "type": "image",
          "assetId": "9lrJe_y3T9ne",
          "checksum": "e66e347c6137fee510394a152150899e"
        },
        {
          "type": "image",
          "assetId": "WZfE_Pl6Jbdj",
          "checksum": "783cd9cd460c1401e5b5c3e70b545edf"
        },
        {
          "type": "image",
          "assetId": "a69mP4EEzEir",
          "checksum": "daec74f3fa23d1439229eaf8c41e9eb5"
        },
        {
          "type": "image",
          "assetId": "kUZwdTfz1LBn",
          "checksum": "20a20b8d022de002de110a19f4b0c0c8"
        },
        {
          "type": "image",
          "assetId": "DYGiqPPt15v1",
          "checksum": "227f95504ac95ad9a43a238eb7dd5a29"
        },
        {
          "type": "image",
          "assetId": "TuUbjrp2uIv1",
          "checksum": "7f7807bb0cc862c5bc1693f5c7e818e0"
        },
        {
          "type": "image",
          "assetId": "H5OzzKbc6kb1",
          "checksum": "26771733ea3bcd95829f68be52c83e83"
        }
      ],
      "codegenVersion": "0.0.1"
    }
  ],
  "cliVersion": "0.1.334"
}
